
Microsoft Visual Studio Solution File, Format Version 12.00
# Visual Studio Version 17
VisualStudioVersion = 17.5.33516.290
MinimumVisualStudioVersion = 10.0.40219.1
Project("{FAE04EC0-301F-11D3-BF4B-00C04F79EFBC}") = "KnightOfTheHollow", "KnightOfTheHollow.csproj", "{B3A39515-ED58-4A53-A51C-C3C683762DD1}"
EndProject
Global
	GlobalSection(SolutionConfigurationPlatforms) = preSolution
		Debug|Any CPU = Debug|Any CPU
		Release|Any CPU = Release|Any CPU
	EndGlobalSection
	GlobalSection(ProjectConfigurationPlatforms) = postSolution
		{B3A39515-ED58-4A53-A51C-C3C683762DD1}.Debug|Any CPU.ActiveCfg = Debug|Any CPU
		{B3A39515-ED58-4A53-A51C-C3C683762DD1}.Debug|Any CPU.Build.0 = Debug|Any CPU
		{B3A39515-ED58-4A53-A51C-C3C683762DD1}.Release|Any CPU.ActiveCfg = Release|Any CPU
		{B3A39515-ED58-4A53-A51C-C3C683762DD1}.Release|Any CPU.Build.0 = Release|Any CPU
	EndGlobalSection
	GlobalSection(SolutionProperties) = preSolution
		HideSolutionNode = FALSE
	EndGlobalSection
	GlobalSection(ExtensibilityGlobals) = postSolution
		SolutionGuid = {2AC8ED2F-1C15-4A8A-A682-41B6EFF7CA1F}
	EndGlobalSection
EndGlobal
